
Microsoft Visual Studio Solution File, Format Version 12.00
Project("{2150E333-8FDC-42A3-9474-1A3956D46DE8}") = "Solution Items", "Solution Items", "{5E247900-A1FE-4177-BE4A-EEECA98F464E}"
	ProjectSection(SolutionItems) = preProject
		compose.yaml = compose.yaml
	EndProjectSection
EndProject
Project("{2150E333-8FDC-42A3-9474-1A3956D46DE8}") = "src", "src", "{827E0CD3-B72D-47B6-A68D-7590B98EB39B}"
EndProject
Project("{FAE04EC0-301F-11D3-BF4B-00C04F79EFBC}") = "Elehko.Dotkiln.Core", "src\Elehko.Dotkiln.Core\Elehko.Dotkiln.Core.csproj", "{AB57877C-6725-44D0-A6E8-D85F15F9F5FA}"
EndProject
Project("{FAE04EC0-301F-11D3-BF4B-00C04F79EFBC}") = "Elehko.Dotkiln.Engine", "src\Elehko.Dotkiln.Engine\Elehko.Dotkiln.Engine.csproj", "{BB0ED221-FFFE-4BAA-8746-302E347E2471}"
EndProject
Project("{FAE04EC0-301F-11D3-BF4B-00C04F79EFBC}") = "Elehko.Dotkiln.Updates", "src\Elehko.Dotkiln.Updates\Elehko.Dotkiln.Updates.csproj", "{1F94F88D-FF47-4899-8B32-AEDC027ABCE3}"
EndProject
Project("{FAE04EC0-301F-11D3-BF4B-00C04F79EFBC}") = "Elehko.Dotkiln.Cli", "src\Elehko.Dotkiln.Cli\Elehko.Dotkiln.Cli.csproj", "{8243F10B-E9C1-49A6-B2D3-4D23DC154E7E}"
EndProject
Project("{FAE04EC0-301F-11D3-BF4B-00C04F79EFBC}") = "Elehko.Dotkiln.Registry.Api", "src\Elehko.Dotkiln.Registry.Api\Elehko.Dotkiln.Registry.Api.csproj", "{AF43AA50-6A5D-4D94-9E72-9DA94D82356D}"
EndProject
Project("{2150E333-8FDC-42A3-9474-1A3956D46DE8}") = "tests", "tests", "{0AB3BF05-4346-4AA6-1389-037BE0695223}"
EndProject
Project("{FAE04EC0-301F-11D3-BF4B-00C04F79EFBC}") = "Elehko.Dotkiln.Core.Tests", "tests\Elehko.Dotkiln.Core.Tests\Elehko.Dotkiln.Core.Tests.csproj", "{3FE0C6B8-B3A7-4C70-A2F1-E0F47A172D20}"
EndProject
Global
	GlobalSection(SolutionConfigurationPlatforms) = preSolution
		Debug|Any CPU = Debug|Any CPU
		Debug|x64 = Debug|x64
		Debug|x86 = Debug|x86
		Release|Any CPU = Release|Any CPU
		Release|x64 = Release|x64
		Release|x86 = Release|x86
	EndGlobalSection
	GlobalSection(ProjectConfigurationPlatforms) = postSolution
		{AB57877C-6725-44D0-A6E8-D85F15F9F5FA}.Debug|Any CPU.ActiveCfg = Debug|Any CPU
		{AB57877C-6725-44D0-A6E8-D85F15F9F5FA}.Debug|Any CPU.Build.0 = Debug|Any CPU
		{AB57877C-6725-44D0-A6E8-D85F15F9F5FA}.Debug|x64.ActiveCfg = Debug|Any CPU
		{AB57877C-6725-44D0-A6E8-D85F15F9F5FA}.Debug|x64.Build.0 = Debug|Any CPU
		{AB57877C-6725-44D0-A6E8-D85F15F9F5FA}.Debug|x86.ActiveCfg = Debug|Any CPU
		{AB57877C-6725-44D0-A6E8-D85F15F9F5FA}.Debug|x86.Build.0 = Debug|Any CPU
		{AB57877C-6725-44D0-A6E8-D85F15F9F5FA}.Release|Any CPU.ActiveCfg = Release|Any CPU
		{AB57877C-6725-44D0-A6E8-D85F15F9F5FA}.Release|Any CPU.Build.0 = Release|Any CPU
		{AB57877C-6725-44D0-A6E8-D85F15F9F5FA}.Release|x64.ActiveCfg = Release|Any CPU
		{AB57877C-6725-44D0-A6E8-D85F15F9F5FA}.Release|x64.Build.0 = Release|Any CPU
		{AB57877C-6725-44D0-A6E8-D85F15F9F5FA}.Release|x86.ActiveCfg = Release|Any CPU
		{AB57877C-6725-44D0-A6E8-D85F15F9F5FA}.Release|x86.Build.0 = Release|Any CPU
		{BB0ED221-FFFE-4BAA-8746-302E347E2471}.Debug|Any CPU.ActiveCfg = Debug|Any CPU
		{BB0ED221-FFFE-4BAA-8746-302E347E2471}.Debug|Any CPU.Build.0 = Debug|Any CPU
		{BB0ED221-FFFE-4BAA-8746-302E347E2471}.Debug|x64.ActiveCfg = Debug|Any CPU
		{BB0ED221-FFFE-4BAA-8746-302E347E2471}.Debug|x64.Build.0 = Debug|Any CPU
		{BB0ED221-FFFE-4BAA-8746-302E347E2471}.Debug|x86.ActiveCfg = Debug|Any CPU
		{BB0ED221-FFFE-4BAA-8746-302E347E2471}.Debug|x86.Build.0 = Debug|Any CPU
		{BB0ED221-FFFE-4BAA-8746-302E347E2471}.Release|Any CPU.ActiveCfg = Release|Any CPU
		{BB0ED221-FFFE-4BAA-8746-302E347E2471}.Release|Any CPU.Build.0 = Release|Any CPU
		{BB0ED221-FFFE-4BAA-8746-302E347E2471}.Release|x64.ActiveCfg = Release|Any CPU
		{BB0ED221-FFFE-4BAA-8746-302E347E2471}.Release|x64.Build.0 = Release|Any CPU
		{BB0ED221-FFFE-4BAA-8746-302E347E2471}.Release|x86.ActiveCfg = Release|Any CPU
		{BB0ED221-FFFE-4BAA-8746-302E347E2471}.Release|x86.Build.0 = Release|Any CPU
		{1F94F88D-FF47-4899-8B32-AEDC027ABCE3}.Debug|Any CPU.ActiveCfg = Debug|Any CPU
		{1F94F88D-FF47-4899-8B32-AEDC027ABCE3}.Debug|Any CPU.Build.0 = Debug|Any CPU
		{1F94F88D-FF47-4899-8B32-AEDC027ABCE3}.Debug|x64.ActiveCfg = Debug|Any CPU
		{1F94F88D-FF47-4899-8B32-AEDC027ABCE3}.Debug|x64.Build.0 = Debug|Any CPU
		{1F94F88D-FF47-4899-8B32-AEDC027ABCE3}.Debug|x86.ActiveCfg = Debug|Any CPU
		{1F94F88D-FF47-4899-8B32-AEDC027ABCE3}.Debug|x86.Build.0 = Debug|Any CPU
		{1F94F88D-FF47-4899-8B32-AEDC027ABCE3}.Release|Any CPU.ActiveCfg = Release|Any CPU
		{1F94F88D-FF47-4899-8B32-AEDC027ABCE3}.Release|Any CPU.Build.0 = Release|Any CPU
		{1F94F88D-FF47-4899-8B32-AEDC027ABCE3}.Release|x64.ActiveCfg = Release|Any CPU
		{1F94F88D-FF47-4899-8B32-AEDC027ABCE3}.Release|x64.Build.0 = Release|Any CPU
		{1F94F88D-FF47-4899-8B32-AEDC027ABCE3}.Release|x86.ActiveCfg = Release|Any CPU
		{1F94F88D-FF47-4899-8B32-AEDC027ABCE3}.Release|x86.Build.0 = Release|Any CPU
		{8243F10B-E9C1-49A6-B2D3-4D23DC154E7E}.Debug|Any CPU.ActiveCfg = Debug|Any CPU
		{8243F10B-E9C1-49A6-B2D3-4D23DC154E7E}.Debug|Any CPU.Build.0 = Debug|Any CPU
		{8243F10B-E9C1-49A6-B2D3-4D23DC154E7E}.Debug|x64.ActiveCfg = Debug|Any CPU
		{8243F10B-E9C1-49A6-B2D3-4D23DC154E7E}.Debug|x64.Build.0 = Debug|Any CPU
		{8243F10B-E9C1-49A6-B2D3-4D23DC154E7E}.Debug|x86.ActiveCfg = Debug|Any CPU
		{8243F10B-E9C1-49A6-B2D3-4D23DC154E7E}.Debug|x86.Build.0 = Debug|Any CPU
		{8243F10B-E9C1-49A6-B2D3-4D23DC154E7E}.Release|Any CPU.ActiveCfg = Release|Any CPU
		{8243F10B-E9C1-49A6-B2D3-4D23DC154E7E}.Release|Any CPU.Build.0 = Release|Any CPU
		{8243F10B-E9C1-49A6-B2D3-4D23DC154E7E}.Release|x64.ActiveCfg = Release|Any CPU
		{8243F10B-E9C1-49A6-B2D3-4D23DC154E7E}.Release|x64.Build.0 = Release|Any CPU
		{8243F10B-E9C1-49A6-B2D3-4D23DC154E7E}.Release|x86.ActiveCfg = Release|Any CPU
		{8243F10B-E9C1-49A6-B2D3-4D23DC154E7E}.Release|x86.Build.0 = Release|Any CPU
		{AF43AA50-6A5D-4D94-9E72-9DA94D82356D}.Debug|Any CPU.ActiveCfg = Debug|Any CPU
		{AF43AA50-6A5D-4D94-9E72-9DA94D82356D}.Debug|Any CPU.Build.0 = Debug|Any CPU
		{AF43AA50-6A5D-4D94-9E72-9DA94D82356D}.Debug|x64.ActiveCfg = Debug|Any CPU
		{AF43AA50-6A5D-4D94-9E72-9DA94D82356D}.Debug|x64.Build.0 = Debug|Any CPU
		{AF43AA50-6A5D-4D94-9E72-9DA94D82356D}.Debug|x86.ActiveCfg = Debug|Any CPU
		{AF43AA50-6A5D-4D94-9E72-9DA94D82356D}.Debug|x86.Build.0 = Debug|Any CPU
		{AF43AA50-6A5D-4D94-9E72-9DA94D82356D}.Release|Any CPU.ActiveCfg = Release|Any CPU
		{AF43AA50-6A5D-4D94-9E72-9DA94D82356D}.Release|Any CPU.Build.0 = Release|Any CPU
		{AF43AA50-6A5D-4D94-9E72-9DA94D82356D}.Release|x64.ActiveCfg = Release|Any CPU
		{AF43AA50-6A5D-4D94-9E72-9DA94D82356D}.Release|x64.Build.0 = Release|Any CPU
		{AF43AA50-6A5D-4D94-9E72-9DA94D82356D}.Release|x86.ActiveCfg = Release|Any CPU
		{AF43AA50-6A5D-4D94-9E72-9DA94D82356D}.Release|x86.Build.0 = Release|Any CPU
		{3FE0C6B8-B3A7-4C70-A2F1-E0F47A172D20}.Debug|Any CPU.ActiveCfg = Debug|Any CPU
		{3FE0C6B8-B3A7-4C70-A2F1-E0F47A172D20}.Debug|Any CPU.Build.0 = Debug|Any CPU
		{3FE0C6B8-B3A7-4C70-A2F1-E0F47A172D20}.Debug|x64.ActiveCfg = Debug|Any CPU
		{3FE0C6B8-B3A7-4C70-A2F1-E0F47A172D20}.Debug|x64.Build.0 = Debug|Any CPU
		{3FE0C6B8-B3A7-4C70-A2F1-E0F47A172D20}.Debug|x86.ActiveCfg = Debug|Any CPU
		{3FE0C6B8-B3A7-4C70-A2F1-E0F47A172D20}.Debug|x86.Build.0 = Debug|Any CPU
		{3FE0C6B8-B3A7-4C70-A2F1-E0F47A172D20}.Release|Any CPU.ActiveCfg = Release|Any CPU
		{3FE0C6B8-B3A7-4C70-A2F1-E0F47A172D20}.Release|Any CPU.Build.0 = Release|Any CPU
		{3FE0C6B8-B3A7-4C70-A2F1-E0F47A172D20}.Release|x64.ActiveCfg = Release|Any CPU
		{3FE0C6B8-B3A7-4C70-A2F1-E0F47A172D20}.Release|x64.Build.0 = Release|Any CPU
		{3FE0C6B8-B3A7-4C70-A2F1-E0F47A172D20}.Release|x86.ActiveCfg = Release|Any CPU
		{3FE0C6B8-B3A7-4C70-A2F1-E0F47A172D20}.Release|x86.Build.0 = Release|Any CPU
	EndGlobalSection
	GlobalSection(SolutionProperties) = preSolution
		HideSolutionNode = FALSE
	EndGlobalSection
	GlobalSection(NestedProjects) = preSolution
		{AB57877C-6725-44D0-A6E8-D85F15F9F5FA} = {827E0CD3-B72D-47B6-A68D-7590B98EB39B}
		{BB0ED221-FFFE-4BAA-8746-302E347E2471} = {827E0CD3-B72D-47B6-A68D-7590B98EB39B}
		{1F94F88D-FF47-4899-8B32-AEDC027ABCE3} = {827E0CD3-B72D-47B6-A68D-7590B98EB39B}
		{8243F10B-E9C1-49A6-B2D3-4D23DC154E7E} = {827E0CD3-B72D-47B6-A68D-7590B98EB39B}
		{AF43AA50-6A5D-4D94-9E72-9DA94D82356D} = {827E0CD3-B72D-47B6-A68D-7590B98EB39B}
		{3FE0C6B8-B3A7-4C70-A2F1-E0F47A172D20} = {0AB3BF05-4346-4AA6-1389-037BE0695223}
	EndGlobalSection
EndGlobal
